PODS:
  - CashfreeAnalyticsSDK (2.0.0):
    - CFNetworkSDK (~> 2.0.0)
  - CashfreePG (2.0.3):
    - CashfreePGUISDK (~> 2.0.3)
  - CashfreePGCoreSDK (2.0.3):
    - CashfreeAnalyticsSDK (~> 2.0.0)
  - CashfreePGUISDK (2.0.3):
    - CashfreePGCoreSDK (~> 2.0.3)
  - CFNetworkSDK (2.0.0)
  - Flutter (1.0.0)
  - flutter_cashfree_pg_sdk (0.0.1):
    - CashfreePG (~> 2.0.3)
    - Flutter

DEPENDENCIES:
  - Flutter (from `Flutter`)
  - flutter_cashfree_pg_sdk (from `.symlinks/plugins/flutter_cashfree_pg_sdk/ios`)

SPEC REPOS:
  trunk:
    - CashfreeAnalyticsSDK
    - CashfreePG
    - CashfreePGCoreSDK
    - CashfreePGUISDK
    - CFNetworkSDK

EXTERNAL SOURCES:
  Flutter:
    :path: Flutter
  flutter_cashfree_pg_sdk:
    :path: ".symlinks/plugins/flutter_cashfree_pg_sdk/ios"

SPEC CHECKSUMS:
  CashfreeAnalyticsSDK: d36845057f2f2bfda662dbe8c29a64f56805ec48
  CashfreePG: 2b30535ec91fd63b7d6a63e893daa539e753b990
  CashfreePGCoreSDK: b7943bd89b6da71488ceadb73c55f66938066853
  CashfreePGUISDK: 22238bf893695b4f354992c7ad093a844f8a8609
  CFNetworkSDK: fca644b42b741bd154764bc2c67d85008a9be489
  Flutter: f04841e97a9d0b0a8025694d0796dd46242b2854
  flutter_cashfree_pg_sdk: f770fd10214363932603d0227e5dba7834e9a669

PODFILE CHECKSUM: ef19549a9bc3046e7bb7d2fab4d021637c0c58a3

COCOAPODS: 1.11.2
